
Microsoft Visual Studio Solution File, Format Version 12.00
# Visual Studio 2013
VisualStudioVersion = 12.0.31101.0
MinimumVisualStudioVersion = 10.0.40219.1
Project("{F184B08F-C81C-45F6-A57F-5ABD9991F28F}") = "Chapter 7 - Adapter Pattern - Ducks", "Chapter 7 - Adapter Pattern - Ducks.vbproj", "{46D27F35-EB94-42AF-8DFD-F5EECB5C2A87}"
EndProject
Global
	GlobalSection(SolutionConfigurationPlatforms) = preSolution
		Debug|Any CPU = Debug|Any CPU
		Release|Any CPU = Release|Any CPU
	EndGlobalSection
	GlobalSection(ProjectConfigurationPlatforms) = postSolution
		{46D27F35-EB94-42AF-8DFD-F5EECB5C2A87}.Debug|Any CPU.ActiveCfg = Debug|Any CPU
		{46D27F35-EB94-42AF-8DFD-F5EECB5C2A87}.Debug|Any CPU.Build.0 = Debug|Any CPU
		{46D27F35-EB94-42AF-8DFD-F5EECB5C2A87}.Release|Any CPU.ActiveCfg = Release|Any CPU
		{46D27F35-EB94-42AF-8DFD-F5EECB5C2A87}.Release|Any CPU.Build.0 = Release|Any CPU
	EndGlobalSection
	GlobalSection(SolutionProperties) = preSolution
		HideSolutionNode = FALSE
	EndGlobalSection
EndGlobal
